Microsoft Visual Studio Solution File, Format Version 12.00
# Visual Studio Version 17
VisualStudioVersion = 17.5.2.0
MinimumVisualStudioVersion = 10.0.40219.1
Project("{FAE04EC0-301F-11D3-BF4B-00C04F79EFBC}") = "MapaDeClasesComunidad", "MapaDeClasesComunidad.csproj", "{21049E99-214F-BDC9-1C79-AC8C3D229465}"
EndProject
Global
	GlobalSection(SolutionConfigurationPlatforms) = preSolution
		Debug|Any CPU = Debug|Any CPU
		Release|Any CPU = Release|Any CPU
	EndGlobalSection
	GlobalSection(ProjectConfigurationPlatforms) = postSolution
		{21049E99-214F-BDC9-1C79-AC8C3D229465}.Debug|Any CPU.ActiveCfg = Debug|Any CPU
		{21049E99-214F-BDC9-1C79-AC8C3D229465}.Debug|Any CPU.Build.0 = Debug|Any CPU
		{21049E99-214F-BDC9-1C79-AC8C3D229465}.Release|Any CPU.ActiveCfg = Release|Any CPU
		{21049E99-214F-BDC9-1C79-AC8C3D229465}.Release|Any CPU.Build.0 = Release|Any CPU
	EndGlobalSection
	GlobalSection(SolutionProperties) = preSolution
		HideSolutionNode = FALSE
	EndGlobalSection
	GlobalSection(ExtensibilityGlobals) = postSolution
		SolutionGuid = {9385AFA7-C632-4BC1-97F0-E79359184D96}
	EndGlobalSection
EndGlobal
